// !$*UTF8*$!
{
	archiveVersion = 1;
	classes = {
	};
	objectVersion = 46;
	objects = {

/* Begin PBXBuildFile section */
		A63B61591B71057C00558F8C /* Client.swift in Sources */ = {isa = PBXBuildFile; fileRef = A63B61581B71057C00558F8C /* Client.swift */; };
		A641CDEA1BA5BBC3006A3360 /* Client.swift in Sources */ = {isa = PBXBuildFile; fileRef = A63B61581B71057C00558F8C /* Client.swift */; };
		A641CDEB1BA5BBC3006A3360 /* Results.swift in Sources */ = {isa = PBXBuildFile; fileRef = A6C393241B804C7B0008BA69 /* Results.swift */; };
		A641CDEC1BA5BBC3006A3360 /* Error.swift in Sources */ = {isa = PBXBuildFile; fileRef = A6DFED281B932A7A00E6FF3D /* Error.swift */; };
		A641CDED1BA5BBCF006A3360 /* WeatherResponseParser.swift in Sources */ = {isa = PBXBuildFile; fileRef = A6FD38191B78DAC200F847D0 /* WeatherResponseParser.swift */; };
		A641CDEE1BA5BBCF006A3360 /* ForecastResponseParser.swift in Sources */ = {isa = PBXBuildFile; fileRef = A6FD381B1B78E08600F847D0 /* ForecastResponseParser.swift */; };
		A641CDEF1BA5BBCF006A3360 /* DailyForecastResponseParser.swift in Sources */ = {isa = PBXBuildFile; fileRef = A6FD381F1B78E55800F847D0 /* DailyForecastResponseParser.swift */; };
		A641CDF01BA5BBD6006A3360 /* Weather.swift in Sources */ = {isa = PBXBuildFile; fileRef = A6EF251E1B16045300E51359 /* Weather.swift */; };
		A641CDF11BA5BBD6006A3360 /* Coordinate.swift in Sources */ = {isa = PBXBuildFile; fileRef = A6FD380E1B773CD800F847D0 /* Coordinate.swift */; };
		A641CDF21BA5BBD6006A3360 /* Condition.swift in Sources */ = {isa = PBXBuildFile; fileRef = A6FD38141B78CAD500F847D0 /* Condition.swift */; };
		A641CDF31BA5BBD6006A3360 /* City.swift in Sources */ = {isa = PBXBuildFile; fileRef = A6FD38101B78C5EB00F847D0 /* City.swift */; };
		A641CDF41BA5BBD6006A3360 /* Temperature.swift in Sources */ = {isa = PBXBuildFile; fileRef = A6FD38121B78C72800F847D0 /* Temperature.swift */; };
		A6C17C471B80D532006216E9 /* OpenWeatherMapper.h in Headers */ = {isa = PBXBuildFile; fileRef = A6EF24EE1B16012A00E51359 /* OpenWeatherMapper.h */; settings = {ATTRIBUTES = (Public, ); }; };
		A6C17C4B1B80D554006216E9 /* Alamofire.framework in Frameworks */ = {isa = PBXBuildFile; fileRef = A6C17C481B80D554006216E9 /* Alamofire.framework */; };
		A6C17C4C1B80D554006216E9 /* Result.framework in Frameworks */ = {isa = PBXBuildFile; fileRef = A6C17C491B80D554006216E9 /* Result.framework */; };
		A6C17C4D1B80D554006216E9 /* SwiftyJSON.framework in Frameworks */ = {isa = PBXBuildFile; fileRef = A6C17C4A1B80D554006216E9 /* SwiftyJSON.framework */; };
		A6C393251B804C7B0008BA69 /* Results.swift in Sources */ = {isa = PBXBuildFile; fileRef = A6C393241B804C7B0008BA69 /* Results.swift */; };
		A6DFED291B932A7A00E6FF3D /* Error.swift in Sources */ = {isa = PBXBuildFile; fileRef = A6DFED281B932A7A00E6FF3D /* Error.swift */; settings = {ASSET_TAGS = (); }; };
		A6EF24EF1B16012A00E51359 /* OpenWeatherMapper.h in Headers */ = {isa = PBXBuildFile; fileRef = A6EF24EE1B16012A00E51359 /* OpenWeatherMapper.h */; settings = {ATTRIBUTES = (Public, ); }; };
		A6EF24F51B16012A00E51359 /* OpenWeatherMapper.framework in Frameworks */ = {isa = PBXBuildFile; fileRef = A6EF24E91B16012A00E51359 /* OpenWeatherMapper.framework */; };
		A6EF24FC1B16012A00E51359 /* OpenWeatherMapperTests.swift in Sources */ = {isa = PBXBuildFile; fileRef = A6EF24FB1B16012A00E51359 /* OpenWeatherMapperTests.swift */; };
		A6EF25131B1602CD00E51359 /* Alamofire.framework in Frameworks */ = {isa = PBXBuildFile; fileRef = A6EF250F1B1602CD00E51359 /* Alamofire.framework */; };
		A6EF25151B1602CD00E51359 /* Result.framework in Frameworks */ = {isa = PBXBuildFile; fileRef = A6EF25111B1602CD00E51359 /* Result.framework */; };
		A6EF25161B1602CD00E51359 /* SwiftyJSON.framework in Frameworks */ = {isa = PBXBuildFile; fileRef = A6EF25121B1602CD00E51359 /* SwiftyJSON.framework */; };
		A6EF251F1B16045300E51359 /* Weather.swift in Sources */ = {isa = PBXBuildFile; fileRef = A6EF251E1B16045300E51359 /* Weather.swift */; };
		A6FD380F1B773CD800F847D0 /* Coordinate.swift in Sources */ = {isa = PBXBuildFile; fileRef = A6FD380E1B773CD800F847D0 /* Coordinate.swift */; };
		A6FD38111B78C5EB00F847D0 /* City.swift in Sources */ = {isa = PBXBuildFile; fileRef = A6FD38101B78C5EB00F847D0 /* City.swift */; };
		A6FD38131B78C72800F847D0 /* Temperature.swift in Sources */ = {isa = PBXBuildFile; fileRef = A6FD38121B78C72800F847D0 /* Temperature.swift */; };
		A6FD38151B78CAD500F847D0 /* Condition.swift in Sources */ = {isa = PBXBuildFile; fileRef = A6FD38141B78CAD500F847D0 /* Condition.swift */; };
		A6FD381A1B78DAC200F847D0 /* WeatherResponseParser.swift in Sources */ = {isa = PBXBuildFile; fileRef = A6FD38191B78DAC200F847D0 /* WeatherResponseParser.swift */; };
		A6FD381C1B78E08600F847D0 /* ForecastResponseParser.swift in Sources */ = {isa = PBXBuildFile; fileRef = A6FD381B1B78E08600F847D0 /* ForecastResponseParser.swift */; };
		A6FD38201B78E55800F847D0 /* DailyForecastResponseParser.swift in Sources */ = {isa = PBXBuildFile; fileRef = A6FD381F1B78E55800F847D0 /* DailyForecastResponseParser.swift */; };
/* End PBXBuildFile section */

/* Begin PBXContainerItemProxy section */
		A6EF24F61B16012A00E51359 /* PBXContainerItemProxy */ = {
			isa = PBXContainerItemProxy;
			containerPortal = A6EF24E01B16012A00E51359 /* Project object */;
			proxyType = 1;
			remoteGlobalIDString = A6EF24E81B16012A00E51359;
			remoteInfo = OpenWeatherMapper;
		};
/* End PBXContainerItemProxy section */

/* Begin PBXFileReference section */
		A63B61581B71057C00558F8C /* Client.swift */ = {isa = PBXFileReference; fileEncoding = 4; lastKnownFileType = sourcecode.swift; path = Client.swift; sourceTree = "<group>"; };
		A6C17C3F1B80D363006216E9 /* OpenWeatherMapper.framework */ = {isa = PBXFileReference; explicitFileType = wrapper.framework; includeInIndex = 0; path = OpenWeatherMapper.framework; sourceTree = BUILT_PRODUCTS_DIR; };
		A6C17C481B80D554006216E9 /* Alamofire.framework */ = {isa = PBXFileReference; lastKnownFileType = wrapper.framework; name = Alamofire.framework; path = Carthage/Build/watchOS/Alamofire.framework; sourceTree = "<group>"; };
		A6C17C491B80D554006216E9 /* Result.framework */ = {isa = PBXFileReference; lastKnownFileType = wrapper.framework; name = Result.framework; path = Carthage/Build/watchOS/Result.framework; sourceTree = "<group>"; };
		A6C17C4A1B80D554006216E9 /* SwiftyJSON.framework */ = {isa = PBXFileReference; lastKnownFileType = wrapper.framework; name = SwiftyJSON.framework; path = Carthage/Build/watchOS/SwiftyJSON.framework; sourceTree = "<group>"; };
		A6C393241B804C7B0008BA69 /* Results.swift */ = {isa = PBXFileReference; fileEncoding = 4; lastKnownFileType = sourcecode.swift; path = Results.swift; sourceTree = "<group>"; };
		A6DFED281B932A7A00E6FF3D /* Error.swift */ = {isa = PBXFileReference; fileEncoding = 4; lastKnownFileType = sourcecode.swift; path = Error.swift; sourceTree = "<group>"; };
		A6EF24E91B16012A00E51359 /* OpenWeatherMapper.framework */ = {isa = PBXFileReference; explicitFileType = wrapper.framework; includeInIndex = 0; path = OpenWeatherMapper.framework; sourceTree = BUILT_PRODUCTS_DIR; };
		A6EF24ED1B16012A00E51359 /* Info.plist */ = {isa = PBXFileReference; lastKnownFileType = text.plist.xml; path = Info.plist; sourceTree = "<group>"; };
		A6EF24EE1B16012A00E51359 /* OpenWeatherMapper.h */ = {isa = PBXFileReference; lastKnownFileType = sourcecode.c.h; path = OpenWeatherMapper.h; sourceTree = "<group>"; };
		A6EF24F41B16012A00E51359 /* OpenWeatherMapperTests.xctest */ = {isa = PBXFileReference; explicitFileType = wrapper.cfbundle; includeInIndex = 0; path = OpenWeatherMapperTests.xctest; sourceTree = BUILT_PRODUCTS_DIR; };
		A6EF24FA1B16012A00E51359 /* Info.plist */ = {isa = PBXFileReference; lastKnownFileType = text.plist.xml; path = Info.plist; sourceTree = "<group>"; };
		A6EF24FB1B16012A00E51359 /* OpenWeatherMapperTests.swift */ = {isa = PBXFileReference; lastKnownFileType = sourcecode.swift; path = OpenWeatherMapperTests.swift; sourceTree = "<group>"; };
		A6EF250F1B1602CD00E51359 /* Alamofire.framework */ = {isa = PBXFileReference; lastKnownFileType = wrapper.framework; name = Alamofire.framework; path = Carthage/Build/iOS/Alamofire.framework; sourceTree = "<group>"; };
		A6EF25111B1602CD00E51359 /* Result.framework */ = {isa = PBXFileReference; lastKnownFileType = wrapper.framework; name = Result.framework; path = Carthage/Build/iOS/Result.framework; sourceTree = "<group>"; };
		A6EF25121B1602CD00E51359 /* SwiftyJSON.framework */ = {isa = PBXFileReference; lastKnownFileType = wrapper.framework; name = SwiftyJSON.framework; path = Carthage/Build/iOS/SwiftyJSON.framework; sourceTree = "<group>"; };
		A6EF251E1B16045300E51359 /* Weather.swift */ = {isa = PBXFileReference; fileEncoding = 4; lastKnownFileType = sourcecode.swift; path = Weather.swift; sourceTree = "<group>"; };
		A6FD380E1B773CD800F847D0 /* Coordinate.swift */ = {isa = PBXFileReference; fileEncoding = 4; lastKnownFileType = sourcecode.swift; path = Coordinate.swift; sourceTree = "<group>"; };
		A6FD38101B78C5EB00F847D0 /* City.swift */ = {isa = PBXFileReference; fileEncoding = 4; lastKnownFileType = sourcecode.swift; path = City.swift; sourceTree = "<group>"; };
		A6FD38121B78C72800F847D0 /* Temperature.swift */ = {isa = PBXFileReference; fileEncoding = 4; lastKnownFileType = sourcecode.swift; path = Temperature.swift; sourceTree = "<group>"; };
		A6FD38141B78CAD500F847D0 /* Condition.swift */ = {isa = PBXFileReference; fileEncoding = 4; lastKnownFileType = sourcecode.swift; path = Condition.swift; sourceTree = "<group>"; };
		A6FD38191B78DAC200F847D0 /* WeatherResponseParser.swift */ = {isa = PBXFileReference; fileEncoding = 4; lastKnownFileType = sourcecode.swift; path = WeatherResponseParser.swift; sourceTree = "<group>"; };
		A6FD381B1B78E08600F847D0 /* ForecastResponseParser.swift */ = {isa = PBXFileReference; fileEncoding = 4; lastKnownFileType = sourcecode.swift; path = ForecastResponseParser.swift; sourceTree = "<group>"; };
		A6FD381F1B78E55800F847D0 /* DailyForecastResponseParser.swift */ = {isa = PBXFileReference; fileEncoding = 4; lastKnownFileType = sourcecode.swift; path = DailyForecastResponseParser.swift; sourceTree = "<group>"; };
/* End PBXFileReference section */

/* Begin PBXFrameworksBuildPhase section */
		A6C17C3B1B80D363006216E9 /* Frameworks */ = {
			isa = PBXFrameworksBuildPhase;
			buildActionMask = 2147483647;
			files = (
				A6C17C4B1B80D554006216E9 /* Alamofire.framework in Frameworks */,
				A6C17C4C1B80D554006216E9 /* Result.framework in Frameworks */,
				A6C17C4D1B80D554006216E9 /* SwiftyJSON.framework in Frameworks */,
			);
			runOnlyForDeploymentPostprocessing = 0;
		};
		A6EF24E51B16012A00E51359 /* Frameworks */ = {
			isa = PBXFrameworksBuildPhase;
			buildActionMask = 2147483647;
			files = (
				A6EF25131B1602CD00E51359 /* Alamofire.framework in Frameworks */,
				A6EF25151B1602CD00E51359 /* Result.framework in Frameworks */,
				A6EF25161B1602CD00E51359 /* SwiftyJSON.framework in Frameworks */,
			);
			runOnlyForDeploymentPostprocessing = 0;
		};
		A6EF24F11B16012A00E51359 /* Frameworks */ = {
			isa = PBXFrameworksBuildPhase;
			buildActionMask = 2147483647;
			files = (
				A6EF24F51B16012A00E51359 /* OpenWeatherMapper.framework in Frameworks */,
			);
			runOnlyForDeploymentPostprocessing = 0;
		};
/* End PBXFrameworksBuildPhase section */

/* Begin PBXGroup section */
		A6EF24DF1B16012A00E51359 = {
			isa = PBXGroup;
			children = (
				A6C17C481B80D554006216E9 /* Alamofire.framework */,
				A6C17C491B80D554006216E9 /* Result.framework */,
				A6C17C4A1B80D554006216E9 /* SwiftyJSON.framework */,
				A6EF250F1B1602CD00E51359 /* Alamofire.framework */,
				A6EF25111B1602CD00E51359 /* Result.framework */,
				A6EF25121B1602CD00E51359 /* SwiftyJSON.framework */,
				A6EF24EB1B16012A00E51359 /* OpenWeatherMapper */,
				A6EF24F81B16012A00E51359 /* OpenWeatherMapperTests */,
				A6EF24EA1B16012A00E51359 /* Products */,
			);
			sourceTree = "<group>";
		};
		A6EF24EA1B16012A00E51359 /* Products */ = {
			isa = PBXGroup;
			children = (
				A6EF24E91B16012A00E51359 /* OpenWeatherMapper.framework */,
				A6EF24F41B16012A00E51359 /* OpenWeatherMapperTests.xctest */,
				A6C17C3F1B80D363006216E9 /* OpenWeatherMapper.framework */,
			);
			name = Products;
			sourceTree = "<group>";
		};
		A6EF24EB1B16012A00E51359 /* OpenWeatherMapper */ = {
			isa = PBXGroup;
			children = (
				A6EF24EE1B16012A00E51359 /* OpenWeatherMapper.h */,
				A63B61581B71057C00558F8C /* Client.swift */,
				A6C393241B804C7B0008BA69 /* Results.swift */,
				A6DFED281B932A7A00E6FF3D /* Error.swift */,
				A6FD38161B78DA7300F847D0 /* Parsers */,
				A6EF25051B1601F300E51359 /* Entities */,
				A6EF24EC1B16012A00E51359 /* Supporting Files */,
			);
			path = OpenWeatherMapper;
			sourceTree = "<group>";
		};
		A6EF24EC1B16012A00E51359 /* Supporting Files */ = {
			isa = PBXGroup;
			children = (
				A6EF24ED1B16012A00E51359 /* Info.plist */,
			);
			name = "Supporting Files";
			sourceTree = "<group>";
		};
		A6EF24F81B16012A00E51359 /* OpenWeatherMapperTests */ = {
			isa = PBXGroup;
			children = (
				A6EF24FB1B16012A00E51359 /* OpenWeatherMapperTests.swift */,
				A6EF24F91B16012A00E51359 /* Supporting Files */,
			);
			path = OpenWeatherMapperTests;
			sourceTree = "<group>";
		};
		A6EF24F91B16012A00E51359 /* Supporting Files */ = {
			isa = PBXGroup;
			children = (
				A6EF24FA1B16012A00E51359 /* Info.plist */,
			);
			name = "Supporting Files";
			sourceTree = "<group>";
		};
		A6EF25051B1601F300E51359 /* Entities */ = {
			isa = PBXGroup;
			children = (
				A6EF251E1B16045300E51359 /* Weather.swift */,
				A6FD380E1B773CD800F847D0 /* Coordinate.swift */,
				A6FD38141B78CAD500F847D0 /* Condition.swift */,
				A6FD38101B78C5EB00F847D0 /* City.swift */,
				A6FD38121B78C72800F847D0 /* Temperature.swift */,
			);
			path = Entities;
			sourceTree = "<group>";
		};
		A6FD38161B78DA7300F847D0 /* Parsers */ = {
			isa = PBXGroup;
			children = (
				A6FD38191B78DAC200F847D0 /* WeatherResponseParser.swift */,
				A6FD381B1B78E08600F847D0 /* ForecastResponseParser.swift */,
				A6FD381F1B78E55800F847D0 /* DailyForecastResponseParser.swift */,
			);
			name = Parsers;
			path = Parser;
			sourceTree = "<group>";
		};
/* End PBXGroup section */

/* Begin PBXHeadersBuildPhase section */
		A6C17C3C1B80D363006216E9 /* Headers */ = {
			isa = PBXHeadersBuildPhase;
			buildActionMask = 2147483647;
			files = (
				A6C17C471B80D532006216E9 /* OpenWeatherMapper.h in Headers */,
			);
			runOnlyForDeploymentPostprocessing = 0;
		};
		A6EF24E61B16012A00E51359 /* Headers */ = {
			isa = PBXHeadersBuildPhase;
			buildActionMask = 2147483647;
			files = (
				A6EF24EF1B16012A00E51359 /* OpenWeatherMapper.h in Headers */,
			);
			runOnlyForDeploymentPostprocessing = 0;
		};
/* End PBXHeadersBuildPhase section */

/* Begin PBXNativeTarget section */
		A6C17C3E1B80D363006216E9 /* OpenWeatherMapper-watchOS */ = {
			isa = PBXNativeTarget;
			buildConfigurationList = A6C17C441B80D363006216E9 /* Build configuration list for PBXNativeTarget "OpenWeatherMapper-watchOS" */;
			buildPhases = (
				A6C17C3A1B80D363006216E9 /* Sources */,
				A6C17C3B1B80D363006216E9 /* Frameworks */,
				A6C17C3C1B80D363006216E9 /* Headers */,
				A6C17C3D1B80D363006216E9 /* Resources */,
			);
			buildRules = (
			);
			dependencies = (
			);
			name = "OpenWeatherMapper-watchOS";
			productName = "OpenWeatherMapper-watchOS";
			productReference = A6C17C3F1B80D363006216E9 /* OpenWeatherMapper.framework */;
			productType = "com.apple.product-type.framework";
		};
		A6EF24E81B16012A00E51359 /* OpenWeatherMapper-iOS */ = {
			isa = PBXNativeTarget;
			buildConfigurationList = A6EF24FF1B16012A00E51359 /* Build configuration list for PBXNativeTarget "OpenWeatherMapper-iOS" */;
			buildPhases = (
				A6EF24E41B16012A00E51359 /* Sources */,
				A6EF24E51B16012A00E51359 /* Frameworks */,
				A6EF24E61B16012A00E51359 /* Headers */,
				A6EF24E71B16012A00E51359 /* Resources */,
			);
			buildRules = (
			);
			dependencies = (
			);
			name = "OpenWeatherMapper-iOS";
			productName = OpenWeatherMapper;
			productReference = A6EF24E91B16012A00E51359 /* OpenWeatherMapper.framework */;
			productType = "com.apple.product-type.framework";
		};
		A6EF24F31B16012A00E51359 /* OpenWeatherMapperTests */ = {
			isa = PBXNativeTarget;
			buildConfigurationList = A6EF25021B16012A00E51359 /* Build configuration list for PBXNativeTarget "OpenWeatherMapperTests" */;
			buildPhases = (
				A6EF24F01B16012A00E51359 /* Sources */,
				A6EF24F11B16012A00E51359 /* Frameworks */,
				A6EF24F21B16012A00E51359 /* Resources */,
				A63B61571B7104D100558F8C /* ShellScript */,
			);
			buildRules = (
			);
			dependencies = (
				A6EF24F71B16012A00E51359 /* PBXTargetDependency */,
			);
			name = OpenWeatherMapperTests;
			productName = OpenWeatherMapperTests;
			productReference = A6EF24F41B16012A00E51359 /* OpenWeatherMapperTests.xctest */;
			productType = "com.apple.product-type.bundle.unit-test";
		};
/* End PBXNativeTarget section */

/* Begin PBXProject section */
		A6EF24E01B16012A00E51359 /* Project object */ = {
			isa = PBXProject;
			attributes = {
				LastSwiftMigration = 0700;
				LastSwiftUpdateCheck = 0700;
				LastUpgradeCheck = 0700;
				ORGANIZATIONNAME = "Miyake Akira";
				TargetAttributes = {
					A6C17C3E1B80D363006216E9 = {
						CreatedOnToolsVersion = 7.0;
					};
					A6EF24E81B16012A00E51359 = {
						CreatedOnToolsVersion = 6.3.2;
					};
					A6EF24F31B16012A00E51359 = {
						CreatedOnToolsVersion = 6.3.2;
					};
				};
			};
			buildConfigurationList = A6EF24E31B16012A00E51359 /* Build configuration list for PBXProject "OpenWeatherMapper" */;
			compatibilityVersion = "Xcode 3.2";
			developmentRegion = English;
			hasScannedForEncodings = 0;
			knownRegions = (
				en,
			);
			mainGroup = A6EF24DF1B16012A00E51359;
			productRefGroup = A6EF24EA1B16012A00E51359 /* Products */;
			projectDirPath = "";
			projectRoot = "";
			targets = (
				A6EF24E81B16012A00E51359 /* OpenWeatherMapper-iOS */,
				A6EF24F31B16012A00E51359 /* OpenWeatherMapperTests */,
				A6C17C3E1B80D363006216E9 /* OpenWeatherMapper-watchOS */,
			);
		};
/* End PBXProject section */

/* Begin PBXResourcesBuildPhase section */
		A6C17C3D1B80D363006216E9 /* Resources */ = {
			isa = PBXResourcesBuildPhase;
			buildActionMask = 2147483647;
			files = (
			);
			runOnlyForDeploymentPostprocessing = 0;
		};
		A6EF24E71B16012A00E51359 /* Resources */ = {
			isa = PBXResourcesBuildPhase;
			buildActionMask = 2147483647;
			files = (
			);
			runOnlyForDeploymentPostprocessing = 0;
		};
		A6EF24F21B16012A00E51359 /* Resources */ = {
			isa = PBXResourcesBuildPhase;
			buildActionMask = 2147483647;
			files = (
			);
			runOnlyForDeploymentPostprocessing = 0;
		};
/* End PBXResourcesBuildPhase section */

/* Begin PBXShellScriptBuildPhase section */
		A63B61571B7104D100558F8C /* ShellScript */ = {
			isa = PBXShellScriptBuildPhase;
			buildActionMask = 2147483647;
			files = (
			);
			inputPaths = (
				"$(SRCROOT)/Carthage/Build/iOS/Alamofire.framework",
				"$(SRCROOT)/Carthage/Build/iOS/Result.framework",
				"$(SRCROOT)/Carthage/Build/iOS/SwiftyJSON.framework",
			);
			outputPaths = (
			);
			runOnlyForDeploymentPostprocessing = 0;
			shellPath = "/usr/local/bin/carthage copy-frameworks";
			shellScript = "";
		};
/* End PBXShellScriptBuildPhase section */

/* Begin PBXSourcesBuildPhase section */
		A6C17C3A1B80D363006216E9 /* Sources */ = {
			isa = PBXSourcesBuildPhase;
			buildActionMask = 2147483647;
			files = (
				A641CDF01BA5BBD6006A3360 /* Weather.swift in Sources */,
				A641CDF11BA5BBD6006A3360 /* Coordinate.swift in Sources */,
				A641CDF21BA5BBD6006A3360 /* Condition.swift in Sources */,
				A641CDF31BA5BBD6006A3360 /* City.swift in Sources */,
				A641CDF41BA5BBD6006A3360 /* Temperature.swift in Sources */,
				A641CDED1BA5BBCF006A3360 /* WeatherResponseParser.swift in Sources */,
				A641CDEE1BA5BBCF006A3360 /* ForecastResponseParser.swift in Sources */,
				A641CDEF1BA5BBCF006A3360 /* DailyForecastResponseParser.swift in Sources */,
				A641CDEA1BA5BBC3006A3360 /* Client.swift in Sources */,
				A641CDEB1BA5BBC3006A3360 /* Results.swift in Sources */,
				A641CDEC1BA5BBC3006A3360 /* Error.swift in Sources */,
			);
			runOnlyForDeploymentPostprocessing = 0;
		};
		A6EF24E41B16012A00E51359 /* Sources */ = {
			isa = PBXSourcesBuildPhase;
			buildActionMask = 2147483647;
			files = (
				A6FD381A1B78DAC200F847D0 /* WeatherResponseParser.swift in Sources */,
				A63B61591B71057C00558F8C /* Client.swift in Sources */,
				A6FD381C1B78E08600F847D0 /* ForecastResponseParser.swift in Sources */,
				A6DFED291B932A7A00E6FF3D /* Error.swift in Sources */,
				A6FD38151B78CAD500F847D0 /* Condition.swift in Sources */,
				A6C393251B804C7B0008BA69 /* Results.swift in Sources */,
				A6EF251F1B16045300E51359 /* Weather.swift in Sources */,
				A6FD38111B78C5EB00F847D0 /* City.swift in Sources */,
				A6FD38131B78C72800F847D0 /* Temperature.swift in Sources */,
				A6FD38201B78E55800F847D0 /* DailyForecastResponseParser.swift in Sources */,
				A6FD380F1B773CD800F847D0 /* Coordinate.swift in Sources */,
			);
			runOnlyForDeploymentPostprocessing = 0;
		};
		A6EF24F01B16012A00E51359 /* Sources */ = {
			isa = PBXSourcesBuildPhase;
			buildActionMask = 2147483647;
			files = (
				A6EF24FC1B16012A00E51359 /* OpenWeatherMapperTests.swift in Sources */,
			);
			runOnlyForDeploymentPostprocessing = 0;
		};
/* End PBXSourcesBuildPhase section */

/* Begin PBXTargetDependency section */
		A6EF24F71B16012A00E51359 /* PBXTargetDependency */ = {
			isa = PBXTargetDependency;
			target = A6EF24E81B16012A00E51359 /* OpenWeatherMapper-iOS */;
			targetProxy = A6EF24F61B16012A00E51359 /* PBXContainerItemProxy */;
		};
/* End PBXTargetDependency section */

/* Begin XCBuildConfiguration section */
		A6C17C451B80D363006216E9 /* Debug */ = {
			isa = XCBuildConfiguration;
			buildSettings = {
				APPLICATION_EXTENSION_API_ONLY = YES;
				DEBUG_INFORMATION_FORMAT = dwarf;
				DEFINES_MODULE = YES;
				DYLIB_COMPATIBILITY_VERSION = 1;
				DYLIB_CURRENT_VERSION = 1;
				DYLIB_INSTALL_NAME_BASE = "@rpath";
				FRAMEWORK_SEARCH_PATHS = (
					"$(inherited)",
					"$(PROJECT_DIR)/Carthage/Build/watchOS",
				);
				INFOPLIST_FILE = OpenWeatherMapper/Info.plist;
				INSTALL_PATH = "$(LOCAL_LIBRARY_DIR)/Frameworks";
				LD_RUNPATH_SEARCH_PATHS = "$(inherited) @executable_path/Frameworks @loader_path/Frameworks";
				PRODUCT_BUNDLE_IDENTIFIER = "com.dream-of-electric-cat.OpenWeatherMapper-watchOS";
				PRODUCT_NAME = OpenWeatherMapper;
				SDKROOT = watchos;
				SKIP_INSTALL = YES;
				TARGETED_DEVICE_FAMILY = 4;
				WATCHOS_DEPLOYMENT_TARGET = 2.0;
			};
			name = Debug;
		};
		A6C17C461B80D363006216E9 /* Release */ = {
			isa = XCBuildConfiguration;
			buildSettings = {
				APPLICATION_EXTENSION_API_ONLY = YES;
				DEFINES_MODULE = YES;
				DYLIB_COMPATIBILITY_VERSION = 1;
				DYLIB_CURRENT_VERSION = 1;
				DYLIB_INSTALL_NAME_BASE = "@rpath";
				FRAMEWORK_SEARCH_PATHS = (
					"$(inherited)",
					"$(PROJECT_DIR)/Carthage/Build/watchOS",
				);
				INFOPLIST_FILE = OpenWeatherMapper/Info.plist;
				INSTALL_PATH = "$(LOCAL_LIBRARY_DIR)/Frameworks";
				LD_RUNPATH_SEARCH_PATHS = "$(inherited) @executable_path/Frameworks @loader_path/Frameworks";
				PRODUCT_BUNDLE_IDENTIFIER = "com.dream-of-electric-cat.OpenWeatherMapper-watchOS";
				PRODUCT_NAME = OpenWeatherMapper;
				SDKROOT = watchos;
				SKIP_INSTALL = YES;
				TARGETED_DEVICE_FAMILY = 4;
				WATCHOS_DEPLOYMENT_TARGET = 2.0;
			};
			name = Release;
		};
		A6EF24FD1B16012A00E51359 /* Debug */ = {
			isa = XCBuildConfiguration;
			buildSettings = {
				ALWAYS_SEARCH_USER_PATHS = NO;
				CLANG_CXX_LANGUAGE_STANDARD = "gnu++0x";
				CLANG_CXX_LIBRARY = "libc++";
				CLANG_ENABLE_MODULES = YES;
				CLANG_ENABLE_OBJC_ARC = YES;
				CLANG_WARN_BOOL_CONVERSION = YES;
				CLANG_WARN_CONSTANT_CONVERSION = YES;
				CLANG_WARN_DIRECT_OBJC_ISA_USAGE = YES_ERROR;
				CLANG_WARN_EMPTY_BODY = YES;
				CLANG_WARN_ENUM_CONVERSION = YES;
				CLANG_WARN_INT_CONVERSION = YES;
				CLANG_WARN_OBJC_ROOT_CLASS = YES_ERROR;
				CLANG_WARN_UNREACHABLE_CODE = YES;
				CLANG_WARN__DUPLICATE_METHOD_MATCH = YES;
				"CODE_SIGN_IDENTITY[sdk=iphoneos*]" = "iPhone Developer";
				COPY_PHASE_STRIP = NO;
				CURRENT_PROJECT_VERSION = 1;
				DEBUG_INFORMATION_FORMAT = "dwarf-with-dsym";
				ENABLE_STRICT_OBJC_MSGSEND = YES;
				ENABLE_TESTABILITY = YES;
				GCC_C_LANGUAGE_STANDARD = gnu99;
				GCC_DYNAMIC_NO_PIC = NO;
				GCC_NO_COMMON_BLOCKS = YES;
				GCC_OPTIMIZATION_LEVEL = 0;
				GCC_PREPROCESSOR_DEFINITIONS = (
					"DEBUG=1",
					"$(inherited)",
				);
				GCC_SYMBOLS_PRIVATE_EXTERN = NO;
				GCC_WARN_64_TO_32_BIT_CONVERSION = YES;
				GCC_WARN_ABOUT_RETURN_TYPE = YES_ERROR;
				GCC_WARN_UNDECLARED_SELECTOR = YES;
				GCC_WARN_UNINITIALIZED_AUTOS = YES_AGGRESSIVE;
				GCC_WARN_UNUSED_FUNCTION = YES;
				GCC_WARN_UNUSED_VARIABLE = YES;
				IPHONEOS_DEPLOYMENT_TARGET = 9.0;
				MTL_ENABLE_DEBUG_INFO = YES;
				ONLY_ACTIVE_ARCH = YES;
				SDKROOT = iphoneos;
				SWIFT_OPTIMIZATION_LEVEL = "-Onone";
				TARGETED_DEVICE_FAMILY = "1,2";
				VERSIONING_SYSTEM = "apple-generic";
				VERSION_INFO_PREFIX = "";
			};
			name = Debug;
		};
		A6EF24FE1B16012A00E51359 /* Release */ = {
			isa = XCBuildConfiguration;
			buildSettings = {
				ALWAYS_SEARCH_USER_PATHS = NO;
				CLANG_CXX_LANGUAGE_STANDARD = "gnu++0x";
				CLANG_CXX_LIBRARY = "libc++";
				CLANG_ENABLE_MODULES = YES;
				CLANG_ENABLE_OBJC_ARC = YES;
				CLANG_WARN_BOOL_CONVERSION = YES;
				CLANG_WARN_CONSTANT_CONVERSION = YES;
				CLANG_WARN_DIRECT_OBJC_ISA_USAGE = YES_ERROR;
				CLANG_WARN_EMPTY_BODY = YES;
				CLANG_WARN_ENUM_CONVERSION = YES;
				CLANG_WARN_INT_CONVERSION = YES;
				CLANG_WARN_OBJC_ROOT_CLASS = YES_ERROR;
				CLANG_WARN_UNREACHABLE_CODE = YES;
				CLANG_WARN__DUPLICATE_METHOD_MATCH = YES;
				"CODE_SIGN_IDENTITY[sdk=iphoneos*]" = "iPhone Developer";
				COPY_PHASE_STRIP = NO;
				CURRENT_PROJECT_VERSION = 1;
				DEBUG_INFORMATION_FORMAT = "dwarf-with-dsym";
				ENABLE_NS_ASSERTIONS = NO;
				ENABLE_STRICT_OBJC_MSGSEND = YES;
				GCC_C_LANGUAGE_STANDARD = gnu99;
				GCC_NO_COMMON_BLOCKS = YES;
				GCC_WARN_64_TO_32_BIT_CONVERSION = YES;
				GCC_WARN_ABOUT_RETURN_TYPE = YES_ERROR;
				GCC_WARN_UNDECLARED_SELECTOR = YES;
				GCC_WARN_UNINITIALIZED_AUTOS = YES_AGGRESSIVE;
				GCC_WARN_UNUSED_FUNCTION = YES;
				GCC_WARN_UNUSED_VARIABLE = YES;
				IPHONEOS_DEPLOYMENT_TARGET = 9.0;
				MTL_ENABLE_DEBUG_INFO = NO;
				SDKROOT = iphoneos;
				TARGETED_DEVICE_FAMILY = "1,2";
				VALIDATE_PRODUCT = YES;
				VERSIONING_SYSTEM = "apple-generic";
				VERSION_INFO_PREFIX = "";
			};
			name = Release;
		};
		A6EF25001B16012A00E51359 /* Debug */ = {
			isa = XCBuildConfiguration;
			buildSettings = {
				APPLICATION_EXTENSION_API_ONLY = YES;
				CLANG_ENABLE_MODULES = YES;
				DEFINES_MODULE = YES;
				DYLIB_COMPATIBILITY_VERSION = 1;
				DYLIB_CURRENT_VERSION = 1;
				DYLIB_INSTALL_NAME_BASE = "@rpath";
				FRAMEWORK_SEARCH_PATHS = (
					"$(inherited)",
					"$(PROJECT_DIR)/Carthage/Build/iOS",
				);
				INFOPLIST_FILE = OpenWeatherMapper/Info.plist;
				INSTALL_PATH = "$(LOCAL_LIBRARY_DIR)/Frameworks";
				LD_RUNPATH_SEARCH_PATHS = "$(inherited) @executable_path/Frameworks @loader_path/Frameworks";
				PRODUCT_BUNDLE_IDENTIFIER = "com.dream-of-electric-cat.$(PRODUCT_NAME:rfc1034identifier)";
				PRODUCT_NAME = OpenWeatherMapper;
				SKIP_INSTALL = YES;
				SWIFT_OPTIMIZATION_LEVEL = "-Onone";
				TARGETED_DEVICE_FAMILY = "1,2";
			};
			name = Debug;
		};
		A6EF25011B16012A00E51359 /* Release */ = {
			isa = XCBuildConfiguration;
			buildSettings = {
				APPLICATION_EXTENSION_API_ONLY = YES;
				CLANG_ENABLE_MODULES = YES;
				DEFINES_MODULE = YES;
				DYLIB_COMPATIBILITY_VERSION = 1;
				DYLIB_CURRENT_VERSION = 1;
				DYLIB_INSTALL_NAME_BASE = "@rpath";
				FRAMEWORK_SEARCH_PATHS = (
					"$(inherited)",
					"$(PROJECT_DIR)/Carthage/Build/iOS",
				);
				INFOPLIST_FILE = OpenWeatherMapper/Info.plist;
				INSTALL_PATH = "$(LOCAL_LIBRARY_DIR)/Frameworks";
				LD_RUNPATH_SEARCH_PATHS = "$(inherited) @executable_path/Frameworks @loader_path/Frameworks";
				PRODUCT_BUNDLE_IDENTIFIER = "com.dream-of-electric-cat.$(PRODUCT_NAME:rfc1034identifier)";
				PRODUCT_NAME = OpenWeatherMapper;
				SKIP_INSTALL = YES;
				TARGETED_DEVICE_FAMILY = "1,2";
			};
			name = Release;
		};
		A6EF25031B16012A00E51359 /* Debug */ = {
			isa = XCBuildConfiguration;
			buildSettings = {
				GCC_PREPROCESSOR_DEFINITIONS = (
					"DEBUG=1",
					"$(inherited)",
				);
				INFOPLIST_FILE = OpenWeatherMapperTests/Info.plist;
				LD_RUNPATH_SEARCH_PATHS = "$(inherited) @executable_path/Frameworks @loader_path/Frameworks";
				PRODUCT_BUNDLE_IDENTIFIER = "com.dream-of-electric-cat.$(PRODUCT_NAME:rfc1034identifier)";
				PRODUCT_NAME = "$(TARGET_NAME)";
			};
			name = Debug;
		};
		A6EF25041B16012A00E51359 /* Release */ = {
			isa = XCBuildConfiguration;
			buildSettings = {
				INFOPLIST_FILE = OpenWeatherMapperTests/Info.plist;
				LD_RUNPATH_SEARCH_PATHS = "$(inherited) @executable_path/Frameworks @loader_path/Frameworks";
				PRODUCT_BUNDLE_IDENTIFIER = "com.dream-of-electric-cat.$(PRODUCT_NAME:rfc1034identifier)";
				PRODUCT_NAME = "$(TARGET_NAME)";
			};
			name = Release;
		};
/* End XCBuildConfiguration section */

/* Begin XCConfigurationList section */
		A6C17C441B80D363006216E9 /* Build configuration list for PBXNativeTarget "OpenWeatherMapper-watchOS" */ = {
			isa = XCConfigurationList;
			buildConfigurations = (
				A6C17C451B80D363006216E9 /* Debug */,
				A6C17C461B80D363006216E9 /* Release */,
			);
			defaultConfigurationIsVisible = 0;
			defaultConfigurationName = Release;
		};
		A6EF24E31B16012A00E51359 /* Build configuration list for PBXProject "OpenWeatherMapper" */ = {
			isa = XCConfigurationList;
			buildConfigurations = (
				A6EF24FD1B16012A00E51359 /* Debug */,
				A6EF24FE1B16012A00E51359 /* Release */,
			);
			defaultConfigurationIsVisible = 0;
			defaultConfigurationName = Release;
		};
		A6EF24FF1B16012A00E51359 /* Build configuration list for PBXNativeTarget "OpenWeatherMapper-iOS" */ = {
			isa = XCConfigurationList;
			buildConfigurations = (
				A6EF25001B16012A00E51359 /* Debug */,
				A6EF25011B16012A00E51359 /* Release */,
			);
			defaultConfigurationIsVisible = 0;
			defaultConfigurationName = Release;
		};
		A6EF25021B16012A00E51359 /* Build configuration list for PBXNativeTarget "OpenWeatherMapperTests" */ = {
			isa = XCConfigurationList;
			buildConfigurations = (
				A6EF25031B16012A00E51359 /* Debug */,
				A6EF25041B16012A00E51359 /* Release */,
			);
			defaultConfigurationIsVisible = 0;
			defaultConfigurationName = Release;
		};
/* End XCConfigurationList section */
	};
	rootObject = A6EF24E01B16012A00E51359 /* Project object */;
}
